
Microsoft Visual Studio Solution File, Format Version 12.00
# Visual Studio Version 17
VisualStudioVersion = 17.0.31606.5
MinimumVisualStudioVersion = 15.0.26124.0
Project("{2150E333-8FDC-42A3-9474-1A3956D46DE8}") = "src", "src", "{2AE966AF-C833-4908-9BBA-276E49A98750}"
EndProject
Project("{2150E333-8FDC-42A3-9474-1A3956D46DE8}") = "root", "root", "{2E863483-3E85-4158-BEF3-59A7EC5F7CDD}"
	ProjectSection(SolutionItems) = preProject
		.editorconfig = .editorconfig
		.gitattributes = .gitattributes
		.gitignore = .gitignore
		Directory.Build.props = Directory.Build.props
		global.json = global.json
		LICENSE.md = LICENSE.md
		README.md = README.md
		version.json = version.json
	EndProjectSection
EndProject
Project("{2150E333-8FDC-42A3-9474-1A3956D46DE8}") = "samples", "samples", "{7009F532-6862-48EE-9E42-A03EE43B3ED1}"
EndProject
Project("{2150E333-8FDC-42A3-9474-1A3956D46DE8}") = "tests", "tests", "{2FCAA809-7643-43CC-B36E-3552561EF01E}"
EndProject
Project("{9A19103F-16F7-4668-BE54-9A1E7A4F7556}") = "Navigation", "src\Navigation\Navigation.csproj", "{5A9D055B-0A32-40B5-83D2-4A88D490D967}"
EndProject
Project("{9A19103F-16F7-4668-BE54-9A1E7A4F7556}") = "Navigation.UnitTests", "tests\Navigation.UnitTests\Navigation.UnitTests.csproj", "{A9A7C78E-C4E2-49C1-A91D-5DDD64239EF4}"
EndProject
Project("{2150E333-8FDC-42A3-9474-1A3956D46DE8}") = ".github", ".github", "{02272E4E-884C-45B0-8DD3-2295EDBE894F}"
EndProject
Project("{2150E333-8FDC-42A3-9474-1A3956D46DE8}") = "workflows", "workflows", "{9B6FB6AE-765F-40DA-9D49-375DA8C94F9B}"
	ProjectSection(SolutionItems) = preProject
		.github\workflows\release.yaml = .github\workflows\release.yaml
	EndProjectSection
EndProject
Project("{9A19103F-16F7-4668-BE54-9A1E7A4F7556}") = "Core", "samples\Core\Core.csproj", "{DD1EB323-0CCE-4590-8018-D45DEF179238}"
EndProject
Project("{9A19103F-16F7-4668-BE54-9A1E7A4F7556}") = "UI.Android", "samples\UI.Android\UI.Android.csproj", "{201F8E31-E8C0-4679-B4AA-B49A41425EC3}"
EndProject
Project("{9A19103F-16F7-4668-BE54-9A1E7A4F7556}") = "UI.Windows", "samples\UI.Windows\UI.Windows.csproj", "{2047D8F6-487E-471E-BDF5-3A08CDF65A0C}"
EndProject
Project("{FAE04EC0-301F-11D3-BF4B-00C04F79EFBC}") = "UI.Uwp", "samples\UI.Uwp\UI.Uwp.csproj", "{40285F7A-989D-428B-B333-7E696CC4DFAF}"
EndProject
Global
	GlobalSection(SolutionConfigurationPlatforms) = preSolution
		Debug|Any CPU = Debug|Any CPU
		Debug|ARM = Debug|ARM
		Debug|arm64 = Debug|arm64
		Debug|x64 = Debug|x64
		Debug|x86 = Debug|x86
		Release|Any CPU = Release|Any CPU
		Release|ARM = Release|ARM
		Release|arm64 = Release|arm64
		Release|x64 = Release|x64
		Release|x86 = Release|x86
	EndGlobalSection
	GlobalSection(ProjectConfigurationPlatforms) = postSolution
		{5A9D055B-0A32-40B5-83D2-4A88D490D967}.Debug|Any CPU.ActiveCfg = Debug|Any CPU
		{5A9D055B-0A32-40B5-83D2-4A88D490D967}.Debug|Any CPU.Build.0 = Debug|Any CPU
		{5A9D055B-0A32-40B5-83D2-4A88D490D967}.Debug|ARM.ActiveCfg = Debug|Any CPU
		{5A9D055B-0A32-40B5-83D2-4A88D490D967}.Debug|ARM.Build.0 = Debug|Any CPU
		{5A9D055B-0A32-40B5-83D2-4A88D490D967}.Debug|arm64.ActiveCfg = Debug|Any CPU
		{5A9D055B-0A32-40B5-83D2-4A88D490D967}.Debug|arm64.Build.0 = Debug|Any CPU
		{5A9D055B-0A32-40B5-83D2-4A88D490D967}.Debug|x64.ActiveCfg = Debug|Any CPU
		{5A9D055B-0A32-40B5-83D2-4A88D490D967}.Debug|x64.Build.0 = Debug|Any CPU
		{5A9D055B-0A32-40B5-83D2-4A88D490D967}.Debug|x86.ActiveCfg = Debug|Any CPU
		{5A9D055B-0A32-40B5-83D2-4A88D490D967}.Debug|x86.Build.0 = Debug|Any CPU
		{5A9D055B-0A32-40B5-83D2-4A88D490D967}.Release|Any CPU.ActiveCfg = Release|Any CPU
		{5A9D055B-0A32-40B5-83D2-4A88D490D967}.Release|Any CPU.Build.0 = Release|Any CPU
		{5A9D055B-0A32-40B5-83D2-4A88D490D967}.Release|ARM.ActiveCfg = Release|Any CPU
		{5A9D055B-0A32-40B5-83D2-4A88D490D967}.Release|ARM.Build.0 = Release|Any CPU
		{5A9D055B-0A32-40B5-83D2-4A88D490D967}.Release|arm64.ActiveCfg = Release|Any CPU
		{5A9D055B-0A32-40B5-83D2-4A88D490D967}.Release|arm64.Build.0 = Release|Any CPU
		{5A9D055B-0A32-40B5-83D2-4A88D490D967}.Release|x64.ActiveCfg = Release|Any CPU
		{5A9D055B-0A32-40B5-83D2-4A88D490D967}.Release|x64.Build.0 = Release|Any CPU
		{5A9D055B-0A32-40B5-83D2-4A88D490D967}.Release|x86.ActiveCfg = Release|Any CPU
		{5A9D055B-0A32-40B5-83D2-4A88D490D967}.Release|x86.Build.0 = Release|Any CPU
		{A9A7C78E-C4E2-49C1-A91D-5DDD64239EF4}.Debug|Any CPU.ActiveCfg = Debug|Any CPU
		{A9A7C78E-C4E2-49C1-A91D-5DDD64239EF4}.Debug|Any CPU.Build.0 = Debug|Any CPU
		{A9A7C78E-C4E2-49C1-A91D-5DDD64239EF4}.Debug|ARM.ActiveCfg = Debug|Any CPU
		{A9A7C78E-C4E2-49C1-A91D-5DDD64239EF4}.Debug|ARM.Build.0 = Debug|Any CPU
		{A9A7C78E-C4E2-49C1-A91D-5DDD64239EF4}.Debug|arm64.ActiveCfg = Debug|Any CPU
		{A9A7C78E-C4E2-49C1-A91D-5DDD64239EF4}.Debug|arm64.Build.0 = Debug|Any CPU
		{A9A7C78E-C4E2-49C1-A91D-5DDD64239EF4}.Debug|x64.ActiveCfg = Debug|Any CPU
		{A9A7C78E-C4E2-49C1-A91D-5DDD64239EF4}.Debug|x64.Build.0 = Debug|Any CPU
		{A9A7C78E-C4E2-49C1-A91D-5DDD64239EF4}.Debug|x86.ActiveCfg = Debug|Any CPU
		{A9A7C78E-C4E2-49C1-A91D-5DDD64239EF4}.Debug|x86.Build.0 = Debug|Any CPU
		{A9A7C78E-C4E2-49C1-A91D-5DDD64239EF4}.Release|Any CPU.ActiveCfg = Release|Any CPU
		{A9A7C78E-C4E2-49C1-A91D-5DDD64239EF4}.Release|Any CPU.Build.0 = Release|Any CPU
		{A9A7C78E-C4E2-49C1-A91D-5DDD64239EF4}.Release|ARM.ActiveCfg = Release|Any CPU
		{A9A7C78E-C4E2-49C1-A91D-5DDD64239EF4}.Release|ARM.Build.0 = Release|Any CPU
		{A9A7C78E-C4E2-49C1-A91D-5DDD64239EF4}.Release|arm64.ActiveCfg = Release|Any CPU
		{A9A7C78E-C4E2-49C1-A91D-5DDD64239EF4}.Release|arm64.Build.0 = Release|Any CPU
		{A9A7C78E-C4E2-49C1-A91D-5DDD64239EF4}.Release|x64.ActiveCfg = Release|Any CPU
		{A9A7C78E-C4E2-49C1-A91D-5DDD64239EF4}.Release|x64.Build.0 = Release|Any CPU
		{A9A7C78E-C4E2-49C1-A91D-5DDD64239EF4}.Release|x86.ActiveCfg = Release|Any CPU
		{A9A7C78E-C4E2-49C1-A91D-5DDD64239EF4}.Release|x86.Build.0 = Release|Any CPU
		{DD1EB323-0CCE-4590-8018-D45DEF179238}.Debug|Any CPU.ActiveCfg = Debug|Any CPU
		{DD1EB323-0CCE-4590-8018-D45DEF179238}.Debug|Any CPU.Build.0 = Debug|Any CPU
		{DD1EB323-0CCE-4590-8018-D45DEF179238}.Debug|ARM.ActiveCfg = Debug|Any CPU
		{DD1EB323-0CCE-4590-8018-D45DEF179238}.Debug|ARM.Build.0 = Debug|Any CPU
		{DD1EB323-0CCE-4590-8018-D45DEF179238}.Debug|arm64.ActiveCfg = Debug|Any CPU
		{DD1EB323-0CCE-4590-8018-D45DEF179238}.Debug|arm64.Build.0 = Debug|Any CPU
		{DD1EB323-0CCE-4590-8018-D45DEF179238}.Debug|x64.ActiveCfg = Debug|Any CPU
		{DD1EB323-0CCE-4590-8018-D45DEF179238}.Debug|x64.Build.0 = Debug|Any CPU
		{DD1EB323-0CCE-4590-8018-D45DEF179238}.Debug|x86.ActiveCfg = Debug|Any CPU
		{DD1EB323-0CCE-4590-8018-D45DEF179238}.Debug|x86.Build.0 = Debug|Any CPU
		{DD1EB323-0CCE-4590-8018-D45DEF179238}.Release|Any CPU.ActiveCfg = Release|Any CPU
		{DD1EB323-0CCE-4590-8018-D45DEF179238}.Release|Any CPU.Build.0 = Release|Any CPU
		{DD1EB323-0CCE-4590-8018-D45DEF179238}.Release|ARM.ActiveCfg = Release|Any CPU
		{DD1EB323-0CCE-4590-8018-D45DEF179238}.Release|ARM.Build.0 = Release|Any CPU
		{DD1EB323-0CCE-4590-8018-D45DEF179238}.Release|arm64.ActiveCfg = Release|Any CPU
		{DD1EB323-0CCE-4590-8018-D45DEF179238}.Release|arm64.Build.0 = Release|Any CPU
		{DD1EB323-0CCE-4590-8018-D45DEF179238}.Release|x64.ActiveCfg = Release|Any CPU
		{DD1EB323-0CCE-4590-8018-D45DEF179238}.Release|x64.Build.0 = Release|Any CPU
		{DD1EB323-0CCE-4590-8018-D45DEF179238}.Release|x86.ActiveCfg = Release|Any CPU
		{DD1EB323-0CCE-4590-8018-D45DEF179238}.Release|x86.Build.0 = Release|Any CPU
		{201F8E31-E8C0-4679-B4AA-B49A41425EC3}.Debug|Any CPU.ActiveCfg = Debug|Any CPU
		{201F8E31-E8C0-4679-B4AA-B49A41425EC3}.Debug|Any CPU.Build.0 = Debug|Any CPU
		{201F8E31-E8C0-4679-B4AA-B49A41425EC3}.Debug|Any CPU.Deploy.0 = Debug|Any CPU
		{201F8E31-E8C0-4679-B4AA-B49A41425EC3}.Debug|ARM.ActiveCfg = Debug|Any CPU
		{201F8E31-E8C0-4679-B4AA-B49A41425EC3}.Debug|ARM.Build.0 = Debug|Any CPU
		{201F8E31-E8C0-4679-B4AA-B49A41425EC3}.Debug|ARM.Deploy.0 = Debug|Any CPU
		{201F8E31-E8C0-4679-B4AA-B49A41425EC3}.Debug|arm64.ActiveCfg = Debug|Any CPU
		{201F8E31-E8C0-4679-B4AA-B49A41425EC3}.Debug|arm64.Build.0 = Debug|Any CPU
		{201F8E31-E8C0-4679-B4AA-B49A41425EC3}.Debug|arm64.Deploy.0 = Debug|Any CPU
		{201F8E31-E8C0-4679-B4AA-B49A41425EC3}.Debug|x64.ActiveCfg = Debug|Any CPU
		{201F8E31-E8C0-4679-B4AA-B49A41425EC3}.Debug|x64.Build.0 = Debug|Any CPU
		{201F8E31-E8C0-4679-B4AA-B49A41425EC3}.Debug|x64.Deploy.0 = Debug|Any CPU
		{201F8E31-E8C0-4679-B4AA-B49A41425EC3}.Debug|x86.ActiveCfg = Debug|Any CPU
		{201F8E31-E8C0-4679-B4AA-B49A41425EC3}.Debug|x86.Build.0 = Debug|Any CPU
		{201F8E31-E8C0-4679-B4AA-B49A41425EC3}.Debug|x86.Deploy.0 = Debug|Any CPU
		{201F8E31-E8C0-4679-B4AA-B49A41425EC3}.Release|Any CPU.ActiveCfg = Release|Any CPU
		{201F8E31-E8C0-4679-B4AA-B49A41425EC3}.Release|Any CPU.Build.0 = Release|Any CPU
		{201F8E31-E8C0-4679-B4AA-B49A41425EC3}.Release|Any CPU.Deploy.0 = Release|Any CPU
		{201F8E31-E8C0-4679-B4AA-B49A41425EC3}.Release|ARM.ActiveCfg = Release|Any CPU
		{201F8E31-E8C0-4679-B4AA-B49A41425EC3}.Release|ARM.Build.0 = Release|Any CPU
		{201F8E31-E8C0-4679-B4AA-B49A41425EC3}.Release|ARM.Deploy.0 = Release|Any CPU
		{201F8E31-E8C0-4679-B4AA-B49A41425EC3}.Release|arm64.ActiveCfg = Release|Any CPU
		{201F8E31-E8C0-4679-B4AA-B49A41425EC3}.Release|arm64.Build.0 = Release|Any CPU
		{201F8E31-E8C0-4679-B4AA-B49A41425EC3}.Release|arm64.Deploy.0 = Release|Any CPU
		{201F8E31-E8C0-4679-B4AA-B49A41425EC3}.Release|x64.ActiveCfg = Release|Any CPU
		{201F8E31-E8C0-4679-B4AA-B49A41425EC3}.Release|x64.Build.0 = Release|Any CPU
		{201F8E31-E8C0-4679-B4AA-B49A41425EC3}.Release|x64.Deploy.0 = Release|Any CPU
		{201F8E31-E8C0-4679-B4AA-B49A41425EC3}.Release|x86.ActiveCfg = Release|Any CPU
		{201F8E31-E8C0-4679-B4AA-B49A41425EC3}.Release|x86.Build.0 = Release|Any CPU
		{201F8E31-E8C0-4679-B4AA-B49A41425EC3}.Release|x86.Deploy.0 = Release|Any CPU
		{2047D8F6-487E-471E-BDF5-3A08CDF65A0C}.Debug|Any CPU.ActiveCfg = Debug|x64
		{2047D8F6-487E-471E-BDF5-3A08CDF65A0C}.Debug|Any CPU.Build.0 = Debug|x64
		{2047D8F6-487E-471E-BDF5-3A08CDF65A0C}.Debug|Any CPU.Deploy.0 = Debug|x64
		{2047D8F6-487E-471E-BDF5-3A08CDF65A0C}.Debug|ARM.ActiveCfg = Debug|x64
		{2047D8F6-487E-471E-BDF5-3A08CDF65A0C}.Debug|ARM.Build.0 = Debug|x64
		{2047D8F6-487E-471E-BDF5-3A08CDF65A0C}.Debug|ARM.Deploy.0 = Debug|x64
		{2047D8F6-487E-471E-BDF5-3A08CDF65A0C}.Debug|arm64.ActiveCfg = Debug|arm64
		{2047D8F6-487E-471E-BDF5-3A08CDF65A0C}.Debug|arm64.Build.0 = Debug|arm64
		{2047D8F6-487E-471E-BDF5-3A08CDF65A0C}.Debug|arm64.Deploy.0 = Debug|arm64
		{2047D8F6-487E-471E-BDF5-3A08CDF65A0C}.Debug|x64.ActiveCfg = Debug|x64
		{2047D8F6-487E-471E-BDF5-3A08CDF65A0C}.Debug|x64.Build.0 = Debug|x64
		{2047D8F6-487E-471E-BDF5-3A08CDF65A0C}.Debug|x64.Deploy.0 = Debug|x64
		{2047D8F6-487E-471E-BDF5-3A08CDF65A0C}.Debug|x86.ActiveCfg = Debug|x86
		{2047D8F6-487E-471E-BDF5-3A08CDF65A0C}.Debug|x86.Build.0 = Debug|x86
		{2047D8F6-487E-471E-BDF5-3A08CDF65A0C}.Debug|x86.Deploy.0 = Debug|x86
		{2047D8F6-487E-471E-BDF5-3A08CDF65A0C}.Release|Any CPU.ActiveCfg = Release|x64
		{2047D8F6-487E-471E-BDF5-3A08CDF65A0C}.Release|Any CPU.Build.0 = Release|x64
		{2047D8F6-487E-471E-BDF5-3A08CDF65A0C}.Release|Any CPU.Deploy.0 = Release|x64
		{2047D8F6-487E-471E-BDF5-3A08CDF65A0C}.Release|ARM.ActiveCfg = Release|x64
		{2047D8F6-487E-471E-BDF5-3A08CDF65A0C}.Release|ARM.Build.0 = Release|x64
		{2047D8F6-487E-471E-BDF5-3A08CDF65A0C}.Release|ARM.Deploy.0 = Release|x64
		{2047D8F6-487E-471E-BDF5-3A08CDF65A0C}.Release|arm64.ActiveCfg = Release|arm64
		{2047D8F6-487E-471E-BDF5-3A08CDF65A0C}.Release|arm64.Build.0 = Release|arm64
		{2047D8F6-487E-471E-BDF5-3A08CDF65A0C}.Release|arm64.Deploy.0 = Release|arm64
		{2047D8F6-487E-471E-BDF5-3A08CDF65A0C}.Release|x64.ActiveCfg = Release|x64
		{2047D8F6-487E-471E-BDF5-3A08CDF65A0C}.Release|x64.Build.0 = Release|x64
		{2047D8F6-487E-471E-BDF5-3A08CDF65A0C}.Release|x64.Deploy.0 = Release|x64
		{2047D8F6-487E-471E-BDF5-3A08CDF65A0C}.Release|x86.ActiveCfg = Release|x86
		{2047D8F6-487E-471E-BDF5-3A08CDF65A0C}.Release|x86.Build.0 = Release|x86
		{2047D8F6-487E-471E-BDF5-3A08CDF65A0C}.Release|x86.Deploy.0 = Release|x86
		{40285F7A-989D-428B-B333-7E696CC4DFAF}.Debug|Any CPU.ActiveCfg = Debug|x64
		{40285F7A-989D-428B-B333-7E696CC4DFAF}.Debug|Any CPU.Build.0 = Debug|x64
		{40285F7A-989D-428B-B333-7E696CC4DFAF}.Debug|Any CPU.Deploy.0 = Debug|x64
		{40285F7A-989D-428B-B333-7E696CC4DFAF}.Debug|ARM.ActiveCfg = Debug|ARM
		{40285F7A-989D-428B-B333-7E696CC4DFAF}.Debug|ARM.Build.0 = Debug|ARM
		{40285F7A-989D-428B-B333-7E696CC4DFAF}.Debug|ARM.Deploy.0 = Debug|ARM
		{40285F7A-989D-428B-B333-7E696CC4DFAF}.Debug|arm64.ActiveCfg = Debug|ARM64
		{40285F7A-989D-428B-B333-7E696CC4DFAF}.Debug|arm64.Build.0 = Debug|ARM64
		{40285F7A-989D-428B-B333-7E696CC4DFAF}.Debug|arm64.Deploy.0 = Debug|ARM64
		{40285F7A-989D-428B-B333-7E696CC4DFAF}.Debug|x64.ActiveCfg = Debug|x64
		{40285F7A-989D-428B-B333-7E696CC4DFAF}.Debug|x64.Build.0 = Debug|x64
		{40285F7A-989D-428B-B333-7E696CC4DFAF}.Debug|x64.Deploy.0 = Debug|x64
		{40285F7A-989D-428B-B333-7E696CC4DFAF}.Debug|x86.ActiveCfg = Debug|x86
		{40285F7A-989D-428B-B333-7E696CC4DFAF}.Debug|x86.Build.0 = Debug|x86
		{40285F7A-989D-428B-B333-7E696CC4DFAF}.Debug|x86.Deploy.0 = Debug|x86
		{40285F7A-989D-428B-B333-7E696CC4DFAF}.Release|Any CPU.ActiveCfg = Release|x64
		{40285F7A-989D-428B-B333-7E696CC4DFAF}.Release|Any CPU.Build.0 = Release|x64
		{40285F7A-989D-428B-B333-7E696CC4DFAF}.Release|Any CPU.Deploy.0 = Release|x64
		{40285F7A-989D-428B-B333-7E696CC4DFAF}.Release|ARM.ActiveCfg = Release|ARM
		{40285F7A-989D-428B-B333-7E696CC4DFAF}.Release|ARM.Build.0 = Release|ARM
		{40285F7A-989D-428B-B333-7E696CC4DFAF}.Release|ARM.Deploy.0 = Release|ARM
		{40285F7A-989D-428B-B333-7E696CC4DFAF}.Release|arm64.ActiveCfg = Release|ARM64
		{40285F7A-989D-428B-B333-7E696CC4DFAF}.Release|arm64.Build.0 = Release|ARM64
		{40285F7A-989D-428B-B333-7E696CC4DFAF}.Release|arm64.Deploy.0 = Release|ARM64
		{40285F7A-989D-428B-B333-7E696CC4DFAF}.Release|x64.ActiveCfg = Release|x64
		{40285F7A-989D-428B-B333-7E696CC4DFAF}.Release|x64.Build.0 = Release|x64
		{40285F7A-989D-428B-B333-7E696CC4DFAF}.Release|x64.Deploy.0 = Release|x64
		{40285F7A-989D-428B-B333-7E696CC4DFAF}.Release|x86.ActiveCfg = Release|x86
		{40285F7A-989D-428B-B333-7E696CC4DFAF}.Release|x86.Build.0 = Release|x86
		{40285F7A-989D-428B-B333-7E696CC4DFAF}.Release|x86.Deploy.0 = Release|x86
	EndGlobalSection
	GlobalSection(SolutionProperties) = preSolution
		HideSolutionNode = FALSE
	EndGlobalSection
	GlobalSection(NestedProjects) = preSolution
		{5A9D055B-0A32-40B5-83D2-4A88D490D967} = {2AE966AF-C833-4908-9BBA-276E49A98750}
		{A9A7C78E-C4E2-49C1-A91D-5DDD64239EF4} = {2FCAA809-7643-43CC-B36E-3552561EF01E}
		{02272E4E-884C-45B0-8DD3-2295EDBE894F} = {2E863483-3E85-4158-BEF3-59A7EC5F7CDD}
		{9B6FB6AE-765F-40DA-9D49-375DA8C94F9B} = {02272E4E-884C-45B0-8DD3-2295EDBE894F}
		{DD1EB323-0CCE-4590-8018-D45DEF179238} = {7009F532-6862-48EE-9E42-A03EE43B3ED1}
		{201F8E31-E8C0-4679-B4AA-B49A41425EC3} = {7009F532-6862-48EE-9E42-A03EE43B3ED1}
		{2047D8F6-487E-471E-BDF5-3A08CDF65A0C} = {7009F532-6862-48EE-9E42-A03EE43B3ED1}
		{40285F7A-989D-428B-B333-7E696CC4DFAF} = {7009F532-6862-48EE-9E42-A03EE43B3ED1}
	EndGlobalSection
	GlobalSection(ExtensibilityGlobals) = postSolution
		SolutionGuid = {B7F8F7BD-517A-4258-AAC6-995D01BEBAE7}
	EndGlobalSection
EndGlobal
