
Microsoft Visual Studio Solution File, Format Version 12.00
# Visual Studio Version 16
VisualStudioVersion = 16.0.31515.178
MinimumVisualStudioVersion = 15.0.26124.0
Project("{2150E333-8FDC-42A3-9474-1A3956D46DE8}") = "src", "src", "{2AE966AF-C833-4908-9BBA-276E49A98750}"
EndProject
Project("{2150E333-8FDC-42A3-9474-1A3956D46DE8}") = "root", "root", "{2E863483-3E85-4158-BEF3-59A7EC5F7CDD}"
	ProjectSection(SolutionItems) = preProject
		.editorconfig = .editorconfig
		.gitattributes = .gitattributes
		.gitignore = .gitignore
		Directory.Build.props = Directory.Build.props
		global.json = global.json
		LICENSE.md = LICENSE.md
		README.md = README.md
		version.json = version.json
	EndProjectSection
EndProject
Project("{2150E333-8FDC-42A3-9474-1A3956D46DE8}") = "samples", "samples", "{7009F532-6862-48EE-9E42-A03EE43B3ED1}"
EndProject
Project("{2150E333-8FDC-42A3-9474-1A3956D46DE8}") = "tests", "tests", "{2FCAA809-7643-43CC-B36E-3552561EF01E}"
EndProject
Project("{9A19103F-16F7-4668-BE54-9A1E7A4F7556}") = "BlazorWasm", "samples\BlazorWasm\BlazorWasm.csproj", "{8BDD0D5B-5BFE-4550-BC19-980EFDE270A9}"
EndProject
Project("{9A19103F-16F7-4668-BE54-9A1E7A4F7556}") = "Navigation", "src\Navigation\Navigation.csproj", "{5A9D055B-0A32-40B5-83D2-4A88D490D967}"
EndProject
Project("{9A19103F-16F7-4668-BE54-9A1E7A4F7556}") = "Navigation.Blazor", "src\Navigation.Blazor\Navigation.Blazor.csproj", "{DD1689E9-01BB-4682-8FA8-9D03F9BCC1BD}"
	ProjectSection(ProjectDependencies) = postProject
		{5A9D055B-0A32-40B5-83D2-4A88D490D967} = {5A9D055B-0A32-40B5-83D2-4A88D490D967}
	EndProjectSection
EndProject
Project("{9A19103F-16F7-4668-BE54-9A1E7A4F7556}") = "Navigation.UnitTests", "tests\Navigation.UnitTests\Navigation.UnitTests.csproj", "{A9A7C78E-C4E2-49C1-A91D-5DDD64239EF4}"
EndProject
Project("{FAE04EC0-301F-11D3-BF4B-00C04F79EFBC}") = "WindowsUAP", "samples\WindowsUAP\WindowsUAP.csproj", "{5C0C9E70-760F-4C12-ACA9-007F9F93446B}"
EndProject
Project("{9A19103F-16F7-4668-BE54-9A1E7A4F7556}") = "Base", "samples\Base\Base.csproj", "{C88288C2-262E-45D9-890E-A7D01DD4640F}"
EndProject
Project("{2150E333-8FDC-42A3-9474-1A3956D46DE8}") = ".github", ".github", "{02272E4E-884C-45B0-8DD3-2295EDBE894F}"
EndProject
Project("{2150E333-8FDC-42A3-9474-1A3956D46DE8}") = "workflows", "workflows", "{9B6FB6AE-765F-40DA-9D49-375DA8C94F9B}"
	ProjectSection(SolutionItems) = preProject
		.github\workflows\release.yaml = .github\workflows\release.yaml
	EndProjectSection
EndProject
Project("{9A19103F-16F7-4668-BE54-9A1E7A4F7556}") = "WindowsWUI", "samples\WindowsWUI\WindowsWUI.csproj", "{C56094FD-FE26-4B8E-825D-C5C47146C21A}"
EndProject
Project("{C7167F0D-BC9F-4E6E-AFE1-012C56B48DB5}") = "WindowsWUI (Package)", "samples\WindowsWUI (Package)\WindowsWUI (Package).wapproj", "{EFFB39B7-325D-49C0-9C51-28E1653E6EB7}"
EndProject
Global
	GlobalSection(SolutionConfigurationPlatforms) = preSolution
		Debug|Any CPU = Debug|Any CPU
		Debug|ARM = Debug|ARM
		Debug|arm64 = Debug|arm64
		Debug|x64 = Debug|x64
		Debug|x86 = Debug|x86
		Release|Any CPU = Release|Any CPU
		Release|ARM = Release|ARM
		Release|arm64 = Release|arm64
		Release|x64 = Release|x64
		Release|x86 = Release|x86
	EndGlobalSection
	GlobalSection(ProjectConfigurationPlatforms) = postSolution
		{8BDD0D5B-5BFE-4550-BC19-980EFDE270A9}.Debug|Any CPU.ActiveCfg = Debug|Any CPU
		{8BDD0D5B-5BFE-4550-BC19-980EFDE270A9}.Debug|Any CPU.Build.0 = Debug|Any CPU
		{8BDD0D5B-5BFE-4550-BC19-980EFDE270A9}.Debug|ARM.ActiveCfg = Debug|Any CPU
		{8BDD0D5B-5BFE-4550-BC19-980EFDE270A9}.Debug|ARM.Build.0 = Debug|Any CPU
		{8BDD0D5B-5BFE-4550-BC19-980EFDE270A9}.Debug|arm64.ActiveCfg = Debug|Any CPU
		{8BDD0D5B-5BFE-4550-BC19-980EFDE270A9}.Debug|arm64.Build.0 = Debug|Any CPU
		{8BDD0D5B-5BFE-4550-BC19-980EFDE270A9}.Debug|x64.ActiveCfg = Debug|Any CPU
		{8BDD0D5B-5BFE-4550-BC19-980EFDE270A9}.Debug|x64.Build.0 = Debug|Any CPU
		{8BDD0D5B-5BFE-4550-BC19-980EFDE270A9}.Debug|x86.ActiveCfg = Debug|Any CPU
		{8BDD0D5B-5BFE-4550-BC19-980EFDE270A9}.Debug|x86.Build.0 = Debug|Any CPU
		{8BDD0D5B-5BFE-4550-BC19-980EFDE270A9}.Release|Any CPU.ActiveCfg = Release|Any CPU
		{8BDD0D5B-5BFE-4550-BC19-980EFDE270A9}.Release|Any CPU.Build.0 = Release|Any CPU
		{8BDD0D5B-5BFE-4550-BC19-980EFDE270A9}.Release|ARM.ActiveCfg = Release|Any CPU
		{8BDD0D5B-5BFE-4550-BC19-980EFDE270A9}.Release|ARM.Build.0 = Release|Any CPU
		{8BDD0D5B-5BFE-4550-BC19-980EFDE270A9}.Release|arm64.ActiveCfg = Release|Any CPU
		{8BDD0D5B-5BFE-4550-BC19-980EFDE270A9}.Release|arm64.Build.0 = Release|Any CPU
		{8BDD0D5B-5BFE-4550-BC19-980EFDE270A9}.Release|x64.ActiveCfg = Release|Any CPU
		{8BDD0D5B-5BFE-4550-BC19-980EFDE270A9}.Release|x64.Build.0 = Release|Any CPU
		{8BDD0D5B-5BFE-4550-BC19-980EFDE270A9}.Release|x86.ActiveCfg = Release|Any CPU
		{8BDD0D5B-5BFE-4550-BC19-980EFDE270A9}.Release|x86.Build.0 = Release|Any CPU
		{5A9D055B-0A32-40B5-83D2-4A88D490D967}.Debug|Any CPU.ActiveCfg = Debug|Any CPU
		{5A9D055B-0A32-40B5-83D2-4A88D490D967}.Debug|Any CPU.Build.0 = Debug|Any CPU
		{5A9D055B-0A32-40B5-83D2-4A88D490D967}.Debug|ARM.ActiveCfg = Debug|Any CPU
		{5A9D055B-0A32-40B5-83D2-4A88D490D967}.Debug|ARM.Build.0 = Debug|Any CPU
		{5A9D055B-0A32-40B5-83D2-4A88D490D967}.Debug|arm64.ActiveCfg = Debug|Any CPU
		{5A9D055B-0A32-40B5-83D2-4A88D490D967}.Debug|arm64.Build.0 = Debug|Any CPU
		{5A9D055B-0A32-40B5-83D2-4A88D490D967}.Debug|x64.ActiveCfg = Debug|Any CPU
		{5A9D055B-0A32-40B5-83D2-4A88D490D967}.Debug|x64.Build.0 = Debug|Any CPU
		{5A9D055B-0A32-40B5-83D2-4A88D490D967}.Debug|x86.ActiveCfg = Debug|Any CPU
		{5A9D055B-0A32-40B5-83D2-4A88D490D967}.Debug|x86.Build.0 = Debug|Any CPU
		{5A9D055B-0A32-40B5-83D2-4A88D490D967}.Release|Any CPU.ActiveCfg = Release|Any CPU
		{5A9D055B-0A32-40B5-83D2-4A88D490D967}.Release|Any CPU.Build.0 = Release|Any CPU
		{5A9D055B-0A32-40B5-83D2-4A88D490D967}.Release|ARM.ActiveCfg = Release|Any CPU
		{5A9D055B-0A32-40B5-83D2-4A88D490D967}.Release|ARM.Build.0 = Release|Any CPU
		{5A9D055B-0A32-40B5-83D2-4A88D490D967}.Release|arm64.ActiveCfg = Release|Any CPU
		{5A9D055B-0A32-40B5-83D2-4A88D490D967}.Release|arm64.Build.0 = Release|Any CPU
		{5A9D055B-0A32-40B5-83D2-4A88D490D967}.Release|x64.ActiveCfg = Release|Any CPU
		{5A9D055B-0A32-40B5-83D2-4A88D490D967}.Release|x64.Build.0 = Release|Any CPU
		{5A9D055B-0A32-40B5-83D2-4A88D490D967}.Release|x86.ActiveCfg = Release|Any CPU
		{5A9D055B-0A32-40B5-83D2-4A88D490D967}.Release|x86.Build.0 = Release|Any CPU
		{DD1689E9-01BB-4682-8FA8-9D03F9BCC1BD}.Debug|Any CPU.ActiveCfg = Debug|Any CPU
		{DD1689E9-01BB-4682-8FA8-9D03F9BCC1BD}.Debug|Any CPU.Build.0 = Debug|Any CPU
		{DD1689E9-01BB-4682-8FA8-9D03F9BCC1BD}.Debug|ARM.ActiveCfg = Debug|Any CPU
		{DD1689E9-01BB-4682-8FA8-9D03F9BCC1BD}.Debug|ARM.Build.0 = Debug|Any CPU
		{DD1689E9-01BB-4682-8FA8-9D03F9BCC1BD}.Debug|arm64.ActiveCfg = Debug|Any CPU
		{DD1689E9-01BB-4682-8FA8-9D03F9BCC1BD}.Debug|arm64.Build.0 = Debug|Any CPU
		{DD1689E9-01BB-4682-8FA8-9D03F9BCC1BD}.Debug|x64.ActiveCfg = Debug|Any CPU
		{DD1689E9-01BB-4682-8FA8-9D03F9BCC1BD}.Debug|x64.Build.0 = Debug|Any CPU
		{DD1689E9-01BB-4682-8FA8-9D03F9BCC1BD}.Debug|x86.ActiveCfg = Debug|Any CPU
		{DD1689E9-01BB-4682-8FA8-9D03F9BCC1BD}.Debug|x86.Build.0 = Debug|Any CPU
		{DD1689E9-01BB-4682-8FA8-9D03F9BCC1BD}.Release|Any CPU.ActiveCfg = Release|Any CPU
		{DD1689E9-01BB-4682-8FA8-9D03F9BCC1BD}.Release|Any CPU.Build.0 = Release|Any CPU
		{DD1689E9-01BB-4682-8FA8-9D03F9BCC1BD}.Release|ARM.ActiveCfg = Release|Any CPU
		{DD1689E9-01BB-4682-8FA8-9D03F9BCC1BD}.Release|ARM.Build.0 = Release|Any CPU
		{DD1689E9-01BB-4682-8FA8-9D03F9BCC1BD}.Release|arm64.ActiveCfg = Release|Any CPU
		{DD1689E9-01BB-4682-8FA8-9D03F9BCC1BD}.Release|arm64.Build.0 = Release|Any CPU
		{DD1689E9-01BB-4682-8FA8-9D03F9BCC1BD}.Release|x64.ActiveCfg = Release|Any CPU
		{DD1689E9-01BB-4682-8FA8-9D03F9BCC1BD}.Release|x64.Build.0 = Release|Any CPU
		{DD1689E9-01BB-4682-8FA8-9D03F9BCC1BD}.Release|x86.ActiveCfg = Release|Any CPU
		{DD1689E9-01BB-4682-8FA8-9D03F9BCC1BD}.Release|x86.Build.0 = Release|Any CPU
		{A9A7C78E-C4E2-49C1-A91D-5DDD64239EF4}.Debug|Any CPU.ActiveCfg = Debug|Any CPU
		{A9A7C78E-C4E2-49C1-A91D-5DDD64239EF4}.Debug|Any CPU.Build.0 = Debug|Any CPU
		{A9A7C78E-C4E2-49C1-A91D-5DDD64239EF4}.Debug|ARM.ActiveCfg = Debug|Any CPU
		{A9A7C78E-C4E2-49C1-A91D-5DDD64239EF4}.Debug|ARM.Build.0 = Debug|Any CPU
		{A9A7C78E-C4E2-49C1-A91D-5DDD64239EF4}.Debug|arm64.ActiveCfg = Debug|Any CPU
		{A9A7C78E-C4E2-49C1-A91D-5DDD64239EF4}.Debug|arm64.Build.0 = Debug|Any CPU
		{A9A7C78E-C4E2-49C1-A91D-5DDD64239EF4}.Debug|x64.ActiveCfg = Debug|Any CPU
		{A9A7C78E-C4E2-49C1-A91D-5DDD64239EF4}.Debug|x64.Build.0 = Debug|Any CPU
		{A9A7C78E-C4E2-49C1-A91D-5DDD64239EF4}.Debug|x86.ActiveCfg = Debug|Any CPU
		{A9A7C78E-C4E2-49C1-A91D-5DDD64239EF4}.Debug|x86.Build.0 = Debug|Any CPU
		{A9A7C78E-C4E2-49C1-A91D-5DDD64239EF4}.Release|Any CPU.ActiveCfg = Release|Any CPU
		{A9A7C78E-C4E2-49C1-A91D-5DDD64239EF4}.Release|Any CPU.Build.0 = Release|Any CPU
		{A9A7C78E-C4E2-49C1-A91D-5DDD64239EF4}.Release|ARM.ActiveCfg = Release|Any CPU
		{A9A7C78E-C4E2-49C1-A91D-5DDD64239EF4}.Release|ARM.Build.0 = Release|Any CPU
		{A9A7C78E-C4E2-49C1-A91D-5DDD64239EF4}.Release|arm64.ActiveCfg = Release|Any CPU
		{A9A7C78E-C4E2-49C1-A91D-5DDD64239EF4}.Release|arm64.Build.0 = Release|Any CPU
		{A9A7C78E-C4E2-49C1-A91D-5DDD64239EF4}.Release|x64.ActiveCfg = Release|Any CPU
		{A9A7C78E-C4E2-49C1-A91D-5DDD64239EF4}.Release|x64.Build.0 = Release|Any CPU
		{A9A7C78E-C4E2-49C1-A91D-5DDD64239EF4}.Release|x86.ActiveCfg = Release|Any CPU
		{A9A7C78E-C4E2-49C1-A91D-5DDD64239EF4}.Release|x86.Build.0 = Release|Any CPU
		{5C0C9E70-760F-4C12-ACA9-007F9F93446B}.Debug|Any CPU.ActiveCfg = Debug|x86
		{5C0C9E70-760F-4C12-ACA9-007F9F93446B}.Debug|Any CPU.Build.0 = Debug|x86
		{5C0C9E70-760F-4C12-ACA9-007F9F93446B}.Debug|Any CPU.Deploy.0 = Debug|x86
		{5C0C9E70-760F-4C12-ACA9-007F9F93446B}.Debug|ARM.ActiveCfg = Debug|ARM
		{5C0C9E70-760F-4C12-ACA9-007F9F93446B}.Debug|ARM.Build.0 = Debug|ARM
		{5C0C9E70-760F-4C12-ACA9-007F9F93446B}.Debug|ARM.Deploy.0 = Debug|ARM
		{5C0C9E70-760F-4C12-ACA9-007F9F93446B}.Debug|arm64.ActiveCfg = Debug|ARM64
		{5C0C9E70-760F-4C12-ACA9-007F9F93446B}.Debug|arm64.Build.0 = Debug|ARM64
		{5C0C9E70-760F-4C12-ACA9-007F9F93446B}.Debug|arm64.Deploy.0 = Debug|ARM64
		{5C0C9E70-760F-4C12-ACA9-007F9F93446B}.Debug|x64.ActiveCfg = Debug|x64
		{5C0C9E70-760F-4C12-ACA9-007F9F93446B}.Debug|x64.Build.0 = Debug|x64
		{5C0C9E70-760F-4C12-ACA9-007F9F93446B}.Debug|x64.Deploy.0 = Debug|x64
		{5C0C9E70-760F-4C12-ACA9-007F9F93446B}.Debug|x86.ActiveCfg = Debug|x86
		{5C0C9E70-760F-4C12-ACA9-007F9F93446B}.Debug|x86.Build.0 = Debug|x86
		{5C0C9E70-760F-4C12-ACA9-007F9F93446B}.Debug|x86.Deploy.0 = Debug|x86
		{5C0C9E70-760F-4C12-ACA9-007F9F93446B}.Release|Any CPU.ActiveCfg = Release|x86
		{5C0C9E70-760F-4C12-ACA9-007F9F93446B}.Release|ARM.ActiveCfg = Release|ARM
		{5C0C9E70-760F-4C12-ACA9-007F9F93446B}.Release|ARM.Build.0 = Release|ARM
		{5C0C9E70-760F-4C12-ACA9-007F9F93446B}.Release|ARM.Deploy.0 = Release|ARM
		{5C0C9E70-760F-4C12-ACA9-007F9F93446B}.Release|arm64.ActiveCfg = Release|ARM64
		{5C0C9E70-760F-4C12-ACA9-007F9F93446B}.Release|arm64.Build.0 = Release|ARM64
		{5C0C9E70-760F-4C12-ACA9-007F9F93446B}.Release|arm64.Deploy.0 = Release|ARM64
		{5C0C9E70-760F-4C12-ACA9-007F9F93446B}.Release|x64.ActiveCfg = Release|x64
		{5C0C9E70-760F-4C12-ACA9-007F9F93446B}.Release|x64.Build.0 = Release|x64
		{5C0C9E70-760F-4C12-ACA9-007F9F93446B}.Release|x64.Deploy.0 = Release|x64
		{5C0C9E70-760F-4C12-ACA9-007F9F93446B}.Release|x86.ActiveCfg = Release|x86
		{5C0C9E70-760F-4C12-ACA9-007F9F93446B}.Release|x86.Build.0 = Release|x86
		{5C0C9E70-760F-4C12-ACA9-007F9F93446B}.Release|x86.Deploy.0 = Release|x86
		{C88288C2-262E-45D9-890E-A7D01DD4640F}.Debug|Any CPU.ActiveCfg = Debug|Any CPU
		{C88288C2-262E-45D9-890E-A7D01DD4640F}.Debug|Any CPU.Build.0 = Debug|Any CPU
		{C88288C2-262E-45D9-890E-A7D01DD4640F}.Debug|ARM.ActiveCfg = Debug|Any CPU
		{C88288C2-262E-45D9-890E-A7D01DD4640F}.Debug|ARM.Build.0 = Debug|Any CPU
		{C88288C2-262E-45D9-890E-A7D01DD4640F}.Debug|arm64.ActiveCfg = Debug|Any CPU
		{C88288C2-262E-45D9-890E-A7D01DD4640F}.Debug|arm64.Build.0 = Debug|Any CPU
		{C88288C2-262E-45D9-890E-A7D01DD4640F}.Debug|x64.ActiveCfg = Debug|Any CPU
		{C88288C2-262E-45D9-890E-A7D01DD4640F}.Debug|x64.Build.0 = Debug|Any CPU
		{C88288C2-262E-45D9-890E-A7D01DD4640F}.Debug|x86.ActiveCfg = Debug|Any CPU
		{C88288C2-262E-45D9-890E-A7D01DD4640F}.Debug|x86.Build.0 = Debug|Any CPU
		{C88288C2-262E-45D9-890E-A7D01DD4640F}.Release|Any CPU.ActiveCfg = Release|Any CPU
		{C88288C2-262E-45D9-890E-A7D01DD4640F}.Release|Any CPU.Build.0 = Release|Any CPU
		{C88288C2-262E-45D9-890E-A7D01DD4640F}.Release|ARM.ActiveCfg = Release|Any CPU
		{C88288C2-262E-45D9-890E-A7D01DD4640F}.Release|ARM.Build.0 = Release|Any CPU
		{C88288C2-262E-45D9-890E-A7D01DD4640F}.Release|arm64.ActiveCfg = Release|Any CPU
		{C88288C2-262E-45D9-890E-A7D01DD4640F}.Release|arm64.Build.0 = Release|Any CPU
		{C88288C2-262E-45D9-890E-A7D01DD4640F}.Release|x64.ActiveCfg = Release|Any CPU
		{C88288C2-262E-45D9-890E-A7D01DD4640F}.Release|x64.Build.0 = Release|Any CPU
		{C88288C2-262E-45D9-890E-A7D01DD4640F}.Release|x86.ActiveCfg = Release|Any CPU
		{C88288C2-262E-45D9-890E-A7D01DD4640F}.Release|x86.Build.0 = Release|Any CPU
		{C56094FD-FE26-4B8E-825D-C5C47146C21A}.Debug|Any CPU.ActiveCfg = Debug|x86
		{C56094FD-FE26-4B8E-825D-C5C47146C21A}.Debug|Any CPU.Build.0 = Debug|x86
		{C56094FD-FE26-4B8E-825D-C5C47146C21A}.Debug|ARM.ActiveCfg = Debug|x86
		{C56094FD-FE26-4B8E-825D-C5C47146C21A}.Debug|arm64.ActiveCfg = Debug|arm64
		{C56094FD-FE26-4B8E-825D-C5C47146C21A}.Debug|arm64.Build.0 = Debug|arm64
		{C56094FD-FE26-4B8E-825D-C5C47146C21A}.Debug|x64.ActiveCfg = Debug|x64
		{C56094FD-FE26-4B8E-825D-C5C47146C21A}.Debug|x64.Build.0 = Debug|x64
		{C56094FD-FE26-4B8E-825D-C5C47146C21A}.Debug|x86.ActiveCfg = Debug|x86
		{C56094FD-FE26-4B8E-825D-C5C47146C21A}.Debug|x86.Build.0 = Debug|x86
		{C56094FD-FE26-4B8E-825D-C5C47146C21A}.Release|Any CPU.ActiveCfg = Release|x86
		{C56094FD-FE26-4B8E-825D-C5C47146C21A}.Release|ARM.ActiveCfg = Release|x86
		{C56094FD-FE26-4B8E-825D-C5C47146C21A}.Release|arm64.ActiveCfg = Release|arm64
		{C56094FD-FE26-4B8E-825D-C5C47146C21A}.Release|arm64.Build.0 = Release|arm64
		{C56094FD-FE26-4B8E-825D-C5C47146C21A}.Release|x64.ActiveCfg = Release|x64
		{C56094FD-FE26-4B8E-825D-C5C47146C21A}.Release|x64.Build.0 = Release|x64
		{C56094FD-FE26-4B8E-825D-C5C47146C21A}.Release|x86.ActiveCfg = Release|x86
		{C56094FD-FE26-4B8E-825D-C5C47146C21A}.Release|x86.Build.0 = Release|x86
		{EFFB39B7-325D-49C0-9C51-28E1653E6EB7}.Debug|Any CPU.ActiveCfg = Debug|x86
		{EFFB39B7-325D-49C0-9C51-28E1653E6EB7}.Debug|Any CPU.Build.0 = Debug|x86
		{EFFB39B7-325D-49C0-9C51-28E1653E6EB7}.Debug|Any CPU.Deploy.0 = Debug|x86
		{EFFB39B7-325D-49C0-9C51-28E1653E6EB7}.Debug|ARM.ActiveCfg = Debug|x86
		{EFFB39B7-325D-49C0-9C51-28E1653E6EB7}.Debug|arm64.ActiveCfg = Debug|arm64
		{EFFB39B7-325D-49C0-9C51-28E1653E6EB7}.Debug|arm64.Build.0 = Debug|arm64
		{EFFB39B7-325D-49C0-9C51-28E1653E6EB7}.Debug|arm64.Deploy.0 = Debug|arm64
		{EFFB39B7-325D-49C0-9C51-28E1653E6EB7}.Debug|x64.ActiveCfg = Debug|x64
		{EFFB39B7-325D-49C0-9C51-28E1653E6EB7}.Debug|x64.Build.0 = Debug|x64
		{EFFB39B7-325D-49C0-9C51-28E1653E6EB7}.Debug|x64.Deploy.0 = Debug|x64
		{EFFB39B7-325D-49C0-9C51-28E1653E6EB7}.Debug|x86.ActiveCfg = Debug|x86
		{EFFB39B7-325D-49C0-9C51-28E1653E6EB7}.Debug|x86.Build.0 = Debug|x86
		{EFFB39B7-325D-49C0-9C51-28E1653E6EB7}.Debug|x86.Deploy.0 = Debug|x86
		{EFFB39B7-325D-49C0-9C51-28E1653E6EB7}.Release|Any CPU.ActiveCfg = Release|x86
		{EFFB39B7-325D-49C0-9C51-28E1653E6EB7}.Release|ARM.ActiveCfg = Release|x86
		{EFFB39B7-325D-49C0-9C51-28E1653E6EB7}.Release|arm64.ActiveCfg = Release|arm64
		{EFFB39B7-325D-49C0-9C51-28E1653E6EB7}.Release|arm64.Build.0 = Release|arm64
		{EFFB39B7-325D-49C0-9C51-28E1653E6EB7}.Release|arm64.Deploy.0 = Release|arm64
		{EFFB39B7-325D-49C0-9C51-28E1653E6EB7}.Release|x64.ActiveCfg = Release|x64
		{EFFB39B7-325D-49C0-9C51-28E1653E6EB7}.Release|x64.Build.0 = Release|x64
		{EFFB39B7-325D-49C0-9C51-28E1653E6EB7}.Release|x64.Deploy.0 = Release|x64
		{EFFB39B7-325D-49C0-9C51-28E1653E6EB7}.Release|x86.ActiveCfg = Release|x86
		{EFFB39B7-325D-49C0-9C51-28E1653E6EB7}.Release|x86.Build.0 = Release|x86
		{EFFB39B7-325D-49C0-9C51-28E1653E6EB7}.Release|x86.Deploy.0 = Release|x86
	EndGlobalSection
	GlobalSection(SolutionProperties) = preSolution
		HideSolutionNode = FALSE
	EndGlobalSection
	GlobalSection(NestedProjects) = preSolution
		{8BDD0D5B-5BFE-4550-BC19-980EFDE270A9} = {7009F532-6862-48EE-9E42-A03EE43B3ED1}
		{5A9D055B-0A32-40B5-83D2-4A88D490D967} = {2AE966AF-C833-4908-9BBA-276E49A98750}
		{DD1689E9-01BB-4682-8FA8-9D03F9BCC1BD} = {2AE966AF-C833-4908-9BBA-276E49A98750}
		{A9A7C78E-C4E2-49C1-A91D-5DDD64239EF4} = {2FCAA809-7643-43CC-B36E-3552561EF01E}
		{5C0C9E70-760F-4C12-ACA9-007F9F93446B} = {7009F532-6862-48EE-9E42-A03EE43B3ED1}
		{C88288C2-262E-45D9-890E-A7D01DD4640F} = {7009F532-6862-48EE-9E42-A03EE43B3ED1}
		{02272E4E-884C-45B0-8DD3-2295EDBE894F} = {2E863483-3E85-4158-BEF3-59A7EC5F7CDD}
		{9B6FB6AE-765F-40DA-9D49-375DA8C94F9B} = {02272E4E-884C-45B0-8DD3-2295EDBE894F}
		{C56094FD-FE26-4B8E-825D-C5C47146C21A} = {7009F532-6862-48EE-9E42-A03EE43B3ED1}
		{EFFB39B7-325D-49C0-9C51-28E1653E6EB7} = {7009F532-6862-48EE-9E42-A03EE43B3ED1}
	EndGlobalSection
	GlobalSection(ExtensibilityGlobals) = postSolution
		SolutionGuid = {B7F8F7BD-517A-4258-AAC6-995D01BEBAE7}
	EndGlobalSection
EndGlobal
